// !$*UTF8*$!
{
	archiveVersion = 1;
	classes = {
	};
	objectVersion = 56;
	objects = {

/* Begin PBXBuildFile section */
		CC267FD42B4C9DDF008ACE1B /* lazyHGrid.swift in Sources */ = {isa = PBXBuildFile; fileRef = CC267FD32B4C9DDF008ACE1B /* lazyHGrid.swift */; };
		CC267FD72B4C9ECB008ACE1B /* astronauts.json in Resources */ = {isa = PBXBuildFile; fileRef = CC267FD52B4C9ECB008ACE1B /* astronauts.json */; };
		CC267FD82B4C9ECB008ACE1B /* missions.json in Resources */ = {isa = PBXBuildFile; fileRef = CC267FD62B4C9ECB008ACE1B /* missions.json */; };
		CC267FDA2B4C9F4D008ACE1B /* Astronaut.swift in Sources */ = {isa = PBXBuildFile; fileRef = CC267FD92B4C9F4D008ACE1B /* Astronaut.swift */; };
		CC267FDC2B4C9FFE008ACE1B /* Bundle-Decodable.swift in Sources */ = {isa = PBXBuildFile; fileRef = CC267FDB2B4C9FFE008ACE1B /* Bundle-Decodable.swift */; };
		CC267FDE2B4CA610008ACE1B /* Mission.swift in Sources */ = {isa = PBXBuildFile; fileRef = CC267FDD2B4CA610008ACE1B /* Mission.swift */; };
		CC5D41402B50F80F00B6EC26 /* Color-Theme.swift in Sources */ = {isa = PBXBuildFile; fileRef = CC5D413F2B50F80F00B6EC26 /* Color-Theme.swift */; };
		CC84F0BF2B49135F000AE249 /* MoonshotApp.swift in Sources */ = {isa = PBXBuildFile; fileRef = CC84F0BE2B49135F000AE249 /* MoonshotApp.swift */; };
		CC84F0C12B49135F000AE249 /* ContentView.swift in Sources */ = {isa = PBXBuildFile; fileRef = CC84F0C02B49135F000AE249 /* ContentView.swift */; };
		CC84F0C32B491360000AE249 /* Assets.xcassets in Resources */ = {isa = PBXBuildFile; fileRef = CC84F0C22B491360000AE249 /* Assets.xcassets */; };
		CC84F0C62B491360000AE249 /* Preview Assets.xcassets in Resources */ = {isa = PBXBuildFile; fileRef = CC84F0C52B491360000AE249 /* Preview Assets.xcassets */; };
		CC84F0CD2B4915A6000AE249 /* imageSizes.swift in Sources */ = {isa = PBXBuildFile; fileRef = CC84F0CC2B4915A6000AE249 /* imageSizes.swift */; };
		CC84F0D02B49177B000AE249 /* NavigationLinkView.swift in Sources */ = {isa = PBXBuildFile; fileRef = CC84F0CF2B49177B000AE249 /* NavigationLinkView.swift */; };
		CCC6467B2B4A593900CBE9CC /* scrollView.swift in Sources */ = {isa = PBXBuildFile; fileRef = CCC6467A2B4A593900CBE9CC /* scrollView.swift */; };
		CCC6467D2B4A59B600CBE9CC /* hiterachableData.swift in Sources */ = {isa = PBXBuildFile; fileRef = CCC6467C2B4A59B600CBE9CC /* hiterachableData.swift */; };
/* End PBXBuildFile section */

/* Begin PBXFileReference section */
		CC267FD32B4C9DDF008ACE1B /* lazyHGrid.swift */ = {isa = PBXFileReference; lastKnownFileType = sourcecode.swift; path = lazyHGrid.swift; sourceTree = "<group>"; };
		CC267FD52B4C9ECB008ACE1B /* astronauts.json */ = {isa = PBXFileReference; fileEncoding = 4; lastKnownFileType = text.json; path = astronauts.json; sourceTree = "<group>"; };
		CC267FD62B4C9ECB008ACE1B /* missions.json */ = {isa = PBXFileReference; fileEncoding = 4; lastKnownFileType = text.json; path = missions.json; sourceTree = "<group>"; };
		CC267FD92B4C9F4D008ACE1B /* Astronaut.swift */ = {isa = PBXFileReference; lastKnownFileType = sourcecode.swift; path = Astronaut.swift; sourceTree = "<group>"; };
		CC267FDB2B4C9FFE008ACE1B /* Bundle-Decodable.swift */ = {isa = PBXFileReference; lastKnownFileType = sourcecode.swift; path = "Bundle-Decodable.swift"; sourceTree = "<group>"; };
		CC267FDD2B4CA610008ACE1B /* Mission.swift */ = {isa = PBXFileReference; lastKnownFileType = sourcecode.swift; path = Mission.swift; sourceTree = "<group>"; };
		CC5D413F2B50F80F00B6EC26 /* Color-Theme.swift */ = {isa = PBXFileReference; lastKnownFileType = sourcecode.swift; path = "Color-Theme.swift"; sourceTree = "<group>"; };
		CC84F0BB2B49135F000AE249 /* Moonshot.app */ = {isa = PBXFileReference; explicitFileType = wrapper.application; includeInIndex = 0; path = Moonshot.app; sourceTree = BUILT_PRODUCTS_DIR; };
		CC84F0BE2B49135F000AE249 /* MoonshotApp.swift */ = {isa = PBXFileReference; lastKnownFileType = sourcecode.swift; path = MoonshotApp.swift; sourceTree = "<group>"; };
		CC84F0C02B49135F000AE249 /* ContentView.swift */ = {isa = PBXFileReference; lastKnownFileType = sourcecode.swift; path = ContentView.swift; sourceTree = "<group>"; };
		CC84F0C22B491360000AE249 /* Assets.xcassets */ = {isa = PBXFileReference; lastKnownFileType = folder.assetcatalog; path = Assets.xcassets; sourceTree = "<group>"; };
		CC84F0C52B491360000AE249 /* Preview Assets.xcassets */ = {isa = PBXFileReference; lastKnownFileType = folder.assetcatalog; path = "Preview Assets.xcassets"; sourceTree = "<group>"; };
		CC84F0CC2B4915A6000AE249 /* imageSizes.swift */ = {isa = PBXFileReference; lastKnownFileType = sourcecode.swift; path = imageSizes.swift; sourceTree = "<group>"; };
		CC84F0CF2B49177B000AE249 /* NavigationLinkView.swift */ = {isa = PBXFileReference; lastKnownFileType = sourcecode.swift; path = NavigationLinkView.swift; sourceTree = "<group>"; };
		CCC6467A2B4A593900CBE9CC /* scrollView.swift */ = {isa = PBXFileReference; lastKnownFileType = sourcecode.swift; path = scrollView.swift; sourceTree = "<group>"; };
		CCC6467C2B4A59B600CBE9CC /* hiterachableData.swift */ = {isa = PBXFileReference; lastKnownFileType = sourcecode.swift; path = hiterachableData.swift; sourceTree = "<group>"; };
/* End PBXFileReference section */

/* Begin PBXFrameworksBuildPhase section */
		CC84F0B82B49135F000AE249 /* Frameworks */ = {
			isa = PBXFrameworksBuildPhase;
			buildActionMask = 2147483647;
			files = (
			);
			runOnlyForDeploymentPostprocessing = 0;
		};
/* End PBXFrameworksBuildPhase section */

/* Begin PBXGroup section */
		CC84F0B22B49135F000AE249 = {
			isa = PBXGroup;
			children = (
				CC84F0BD2B49135F000AE249 /* Moonshot */,
				CC84F0BC2B49135F000AE249 /* Products */,
			);
			sourceTree = "<group>";
		};
		CC84F0BC2B49135F000AE249 /* Products */ = {
			isa = PBXGroup;
			children = (
				CC84F0BB2B49135F000AE249 /* Moonshot.app */,
			);
			name = Products;
			sourceTree = "<group>";
		};
		CC84F0BD2B49135F000AE249 /* Moonshot */ = {
			isa = PBXGroup;
			children = (
				CCC6467C2B4A59B600CBE9CC /* hiterachableData.swift */,
				CC84F0CE2B49176A000AE249 /* New Group */,
				CC84F0BE2B49135F000AE249 /* MoonshotApp.swift */,
				CC84F0C02B49135F000AE249 /* ContentView.swift */,
				CC267FDB2B4C9FFE008ACE1B /* Bundle-Decodable.swift */,
				CC267FD92B4C9F4D008ACE1B /* Astronaut.swift */,
				CC267FDD2B4CA610008ACE1B /* Mission.swift */,
				CC267FD52B4C9ECB008ACE1B /* astronauts.json */,
				CC267FD62B4C9ECB008ACE1B /* missions.json */,
				CC84F0C22B491360000AE249 /* Assets.xcassets */,
				CC84F0C42B491360000AE249 /* Preview Content */,
				CC84F0CC2B4915A6000AE249 /* imageSizes.swift */,
				CC84F0CF2B49177B000AE249 /* NavigationLinkView.swift */,
				CCC6467A2B4A593900CBE9CC /* scrollView.swift */,
				CC267FD32B4C9DDF008ACE1B /* lazyHGrid.swift */,
				CC5D413F2B50F80F00B6EC26 /* Color-Theme.swift */,
			);
			path = Moonshot;
			sourceTree = "<group>";
		};
		CC84F0C42B491360000AE249 /* Preview Content */ = {
			isa = PBXGroup;
			children = (
				CC84F0C52B491360000AE249 /* Preview Assets.xcassets */,
			);
			path = "Preview Content";
			sourceTree = "<group>";
		};
		CC84F0CE2B49176A000AE249 /* New Group */ = {
			isa = PBXGroup;
			children = (
			);
			path = "New Group";
			sourceTree = "<group>";
		};
/* End PBXGroup section */

/* Begin PBXNativeTarget section */
		CC84F0BA2B49135F000AE249 /* Moonshot */ = {
			isa = PBXNativeTarget;
			buildConfigurationList = CC84F0C92B491360000AE249 /* Build configuration list for PBXNativeTarget "Moonshot" */;
			buildPhases = (
				CC84F0B72B49135F000AE249 /* Sources */,
				CC84F0B82B49135F000AE249 /* Frameworks */,
				CC84F0B92B49135F000AE249 /* Resources */,
			);
			buildRules = (
			);
			dependencies = (
			);
			name = Moonshot;
			productName = Moonshot;
			productReference = CC84F0BB2B49135F000AE249 /* Moonshot.app */;
			productType = "com.apple.product-type.application";
		};
/* End PBXNativeTarget section */

/* Begin PBXProject section */
		CC84F0B32B49135F000AE249 /* Project object */ = {
			isa = PBXProject;
			attributes = {
				BuildIndependentTargetsInParallel = 1;
				LastSwiftUpdateCheck = 1510;
				LastUpgradeCheck = 1510;
				TargetAttributes = {
					CC84F0BA2B49135F000AE249 = {
						CreatedOnToolsVersion = 15.1;
					};
				};
			};
			buildConfigurationList = CC84F0B62B49135F000AE249 /* Build configuration list for PBXProject "Moonshot" */;
			compatibilityVersion = "Xcode 14.0";
			developmentRegion = en;
			hasScannedForEncodings = 0;
			knownRegions = (
				en,
				Base,
			);
			mainGroup = CC84F0B22B49135F000AE249;
			productRefGroup = CC84F0BC2B49135F000AE249 /* Products */;
			projectDirPath = "";
			projectRoot = "";
			targets = (
				CC84F0BA2B49135F000AE249 /* Moonshot */,
			);
		};
/* End PBXProject section */

/* Begin PBXResourcesBuildPhase section */
		CC84F0B92B49135F000AE249 /* Resources */ = {
			isa = PBXResourcesBuildPhase;
			buildActionMask = 2147483647;
			files = (
				CC267FD72B4C9ECB008ACE1B /* astronauts.json in Resources */,
				CC84F0C62B491360000AE249 /* Preview Assets.xcassets in Resources */,
				CC267FD82B4C9ECB008ACE1B /* missions.json in Resources */,
				CC84F0C32B491360000AE249 /* Assets.xcassets in Resources */,
			);
			runOnlyForDeploymentPostprocessing = 0;
		};
/* End PBXResourcesBuildPhase section */

/* Begin PBXSourcesBuildPhase section */
		CC84F0B72B49135F000AE249 /* Sources */ = {
			isa = PBXSourcesBuildPhase;
			buildActionMask = 2147483647;
			files = (
				CC84F0D02B49177B000AE249 /* NavigationLinkView.swift in Sources */,
				CC84F0C12B49135F000AE249 /* ContentView.swift in Sources */,
				CC5D41402B50F80F00B6EC26 /* Color-Theme.swift in Sources */,
				CC84F0BF2B49135F000AE249 /* MoonshotApp.swift in Sources */,
				CC267FDA2B4C9F4D008ACE1B /* Astronaut.swift in Sources */,
				CC267FD42B4C9DDF008ACE1B /* lazyHGrid.swift in Sources */,
				CC267FDC2B4C9FFE008ACE1B /* Bundle-Decodable.swift in Sources */,
				CCC6467B2B4A593900CBE9CC /* scrollView.swift in Sources */,
				CC84F0CD2B4915A6000AE249 /* imageSizes.swift in Sources */,
				CC267FDE2B4CA610008ACE1B /* Mission.swift in Sources */,
				CCC6467D2B4A59B600CBE9CC /* hiterachableData.swift in Sources */,
			);
			runOnlyForDeploymentPostprocessing = 0;
		};
/* End PBXSourcesBuildPhase section */

/* Begin XCBuildConfiguration section */
		CC84F0C72B491360000AE249 /* Debug */ = {
			isa = XCBuildConfiguration;
			buildSettings = {
				ALWAYS_SEARCH_USER_PATHS = NO;
				ASSETCATALOG_COMPILER_GENERATE_SWIFT_ASSET_SYMBOL_EXTENSIONS = YES;
				CLANG_ANALYZER_NONNULL = YES;
				CLANG_ANALYZER_NUMBER_OBJECT_CONVERSION = YES_AGGRESSIVE;
				CLANG_CXX_LANGUAGE_STANDARD = "gnu++20";
				CLANG_ENABLE_MODULES = YES;
				CLANG_ENABLE_OBJC_ARC = YES;
				CLANG_ENABLE_OBJC_WEAK = YES;
				CLANG_WARN_BLOCK_CAPTURE_AUTORELEASING = YES;
				CLANG_WARN_BOOL_CONVERSION = YES;
				CLANG_WARN_COMMA = YES;
				CLANG_WARN_CONSTANT_CONVERSION = YES;
				CLANG_WARN_DEPRECATED_OBJC_IMPLEMENTATIONS = YES;
				CLANG_WARN_DIRECT_OBJC_ISA_USAGE = YES_ERROR;
				CLANG_WARN_DOCUMENTATION_COMMENTS = YES;
				CLANG_WARN_EMPTY_BODY = YES;
				CLANG_WARN_ENUM_CONVERSION = YES;
				CLANG_WARN_INFINITE_RECURSION = YES;
				CLANG_WARN_INT_CONVERSION = YES;
				CLANG_WARN_NON_LITERAL_NULL_CONVERSION = YES;
				CLANG_WARN_OBJC_IMPLICIT_RETAIN_SELF = YES;
				CLANG_WARN_OBJC_LITERAL_CONVERSION = YES;
				CLANG_WARN_OBJC_ROOT_CLASS = YES_ERROR;
				CLANG_WARN_QUOTED_INCLUDE_IN_FRAMEWORK_HEADER = YES;
				CLANG_WARN_RANGE_LOOP_ANALYSIS = YES;
				CLANG_WARN_STRICT_PROTOTYPES = YES;
				CLANG_WARN_SUSPICIOUS_MOVE = YES;
				CLANG_WARN_UNGUARDED_AVAILABILITY = YES_AGGRESSIVE;
				CLANG_WARN_UNREACHABLE_CODE = YES;
				CLANG_WARN__DUPLICATE_METHOD_MATCH = YES;
				COPY_PHASE_STRIP = NO;
				DEBUG_INFORMATION_FORMAT = dwarf;
				ENABLE_STRICT_OBJC_MSGSEND = YES;
				ENABLE_TESTABILITY = YES;
				ENABLE_USER_SCRIPT_SANDBOXING = YES;
				GCC_C_LANGUAGE_STANDARD = gnu17;
				GCC_DYNAMIC_NO_PIC = NO;
				GCC_NO_COMMON_BLOCKS = YES;
				GCC_OPTIMIZATION_LEVEL = 0;
				GCC_PREPROCESSOR_DEFINITIONS = (
					"DEBUG=1",
					"$(inherited)",
				);
				GCC_WARN_64_TO_32_BIT_CONVERSION = YES;
				GCC_WARN_ABOUT_RETURN_TYPE = YES_ERROR;
				GCC_WARN_UNDECLARED_SELECTOR = YES;
				GCC_WARN_UNINITIALIZED_AUTOS = YES_AGGRESSIVE;
				GCC_WARN_UNUSED_FUNCTION = YES;
				GCC_WARN_UNUSED_VARIABLE = YES;
				IPHONEOS_DEPLOYMENT_TARGET = 17.2;
				LOCALIZATION_PREFERS_STRING_CATALOGS = YES;
				MTL_ENABLE_DEBUG_INFO = INCLUDE_SOURCE;
				MTL_FAST_MATH = YES;
				ONLY_ACTIVE_ARCH = YES;
				SDKROOT = iphoneos;
				SWIFT_ACTIVE_COMPILATION_CONDITIONS = "DEBUG $(inherited)";
				SWIFT_OPTIMIZATION_LEVEL = "-Onone";
			};
			name = Debug;
		};
		CC84F0C82B491360000AE249 /* Release */ = {
			isa = XCBuildConfiguration;
			buildSettings = {
				ALWAYS_SEARCH_USER_PATHS = NO;
				ASSETCATALOG_COMPILER_GENERATE_SWIFT_ASSET_SYMBOL_EXTENSIONS = YES;
				CLANG_ANALYZER_NONNULL = YES;
				CLANG_ANALYZER_NUMBER_OBJECT_CONVERSION = YES_AGGRESSIVE;
				CLANG_CXX_LANGUAGE_STANDARD = "gnu++20";
				CLANG_ENABLE_MODULES = YES;
				CLANG_ENABLE_OBJC_ARC = YES;
				CLANG_ENABLE_OBJC_WEAK = YES;
				CLANG_WARN_BLOCK_CAPTURE_AUTORELEASING = YES;
				CLANG_WARN_BOOL_CONVERSION = YES;
				CLANG_WARN_COMMA = YES;
				CLANG_WARN_CONSTANT_CONVERSION = YES;
				CLANG_WARN_DEPRECATED_OBJC_IMPLEMENTATIONS = YES;
				CLANG_WARN_DIRECT_OBJC_ISA_USAGE = YES_ERROR;
				CLANG_WARN_DOCUMENTATION_COMMENTS = YES;
				CLANG_WARN_EMPTY_BODY = YES;
				CLANG_WARN_ENUM_CONVERSION = YES;
				CLANG_WARN_INFINITE_RECURSION = YES;
				CLANG_WARN_INT_CONVERSION = YES;
				CLANG_WARN_NON_LITERAL_NULL_CONVERSION = YES;
				CLANG_WARN_OBJC_IMPLICIT_RETAIN_SELF = YES;
				CLANG_WARN_OBJC_LITERAL_CONVERSION = YES;
				CLANG_WARN_OBJC_ROOT_CLASS = YES_ERROR;
				CLANG_WARN_QUOTED_INCLUDE_IN_FRAMEWORK_HEADER = YES;
				CLANG_WARN_RANGE_LOOP_ANALYSIS = YES;
				CLANG_WARN_STRICT_PROTOTYPES = YES;
				CLANG_WARN_SUSPICIOUS_MOVE = YES;
				CLANG_WARN_UNGUARDED_AVAILABILITY = YES_AGGRESSIVE;
				CLANG_WARN_UNREACHABLE_CODE = YES;
				CLANG_WARN__DUPLICATE_METHOD_MATCH = YES;
				COPY_PHASE_STRIP = NO;
				DEBUG_INFORMATION_FORMAT = "dwarf-with-dsym";
				ENABLE_NS_ASSERTIONS = NO;
				ENABLE_STRICT_OBJC_MSGSEND = YES;
				ENABLE_USER_SCRIPT_SANDBOXING = YES;
				GCC_C_LANGUAGE_STANDARD = gnu17;
				GCC_NO_COMMON_BLOCKS = YES;
				GCC_WARN_64_TO_32_BIT_CONVERSION = YES;
				GCC_WARN_ABOUT_RETURN_TYPE = YES_ERROR;
				GCC_WARN_UNDECLARED_SELECTOR = YES;
				GCC_WARN_UNINITIALIZED_AUTOS = YES_AGGRESSIVE;
				GCC_WARN_UNUSED_FUNCTION = YES;
				GCC_WARN_UNUSED_VARIABLE = YES;
				IPHONEOS_DEPLOYMENT_TARGET = 17.2;
				LOCALIZATION_PREFERS_STRING_CATALOGS = YES;
				MTL_ENABLE_DEBUG_INFO = NO;
				MTL_FAST_MATH = YES;
				SDKROOT = iphoneos;
				SWIFT_COMPILATION_MODE = wholemodule;
				VALIDATE_PRODUCT = YES;
			};
			name = Release;
		};
		CC84F0CA2B491360000AE249 /* Debug */ = {
			isa = XCBuildConfiguration;
			buildSettings = {
				ASSETCATALOG_COMPILER_APPICON_NAME = AppIcon;
				ASSETCATALOG_COMPILER_GLOBAL_ACCENT_COLOR_NAME = AccentColor;
				CODE_SIGN_STYLE = Automatic;
				CURRENT_PROJECT_VERSION = 1;
				DEVELOPMENT_ASSET_PATHS = "\"Moonshot/Preview Content\"";
				DEVELOPMENT_TEAM = 98YC6B3CRD;
				ENABLE_PREVIEWS = YES;
				GENERATE_INFOPLIST_FILE = YES;
				INFOPLIST_KEY_UIApplicationSceneManifest_Generation = YES;
				INFOPLIST_KEY_UIApplicationSupportsIndirectInputEvents = YES;
				INFOPLIST_KEY_UILaunchScreen_Generation = YES;
				INFOPLIST_KEY_UISupportedInterfaceOrientations_iPad = "UIInterfaceOrientationPortrait UIInterfaceOrientationPortraitUpsideDown UIInterfaceOrientationLandscapeLeft UIInterfaceOrientationLandscapeRight";
				INFOPLIST_KEY_UISupportedInterfaceOrientations_iPhone = "UIInterfaceOrientationPortrait UIInterfaceOrientationLandscapeLeft UIInterfaceOrientationLandscapeRight";
				LD_RUNPATH_SEARCH_PATHS = (
					"$(inherited)",
					"@executable_path/Frameworks",
				);
				MARKETING_VERSION = 1.0;
				PRODUCT_BUNDLE_IDENTIFIER = com.nomad.Moonshot.Moonshot;
				PRODUCT_NAME = "$(TARGET_NAME)";
				SWIFT_EMIT_LOC_STRINGS = YES;
				SWIFT_VERSION = 5.0;
				TARGETED_DEVICE_FAMILY = "1,2";
			};
			name = Debug;
		};
		CC84F0CB2B491360000AE249 /* Release */ = {
			isa = XCBuildConfiguration;
			buildSettings = {
				ASSETCATALOG_COMPILER_APPICON_NAME = AppIcon;
				ASSETCATALOG_COMPILER_GLOBAL_ACCENT_COLOR_NAME = AccentColor;
				CODE_SIGN_STYLE = Automatic;
				CURRENT_PROJECT_VERSION = 1;
				DEVELOPMENT_ASSET_PATHS = "\"Moonshot/Preview Content\"";
				DEVELOPMENT_TEAM = 98YC6B3CRD;
				ENABLE_PREVIEWS = YES;
				GENERATE_INFOPLIST_FILE = YES;
				INFOPLIST_KEY_UIApplicationSceneManifest_Generation = YES;
				INFOPLIST_KEY_UIApplicationSupportsIndirectInputEvents = YES;
				INFOPLIST_KEY_UILaunchScreen_Generation = YES;
				INFOPLIST_KEY_UISupportedInterfaceOrientations_iPad = "UIInterfaceOrientationPortrait UIInterfaceOrientationPortraitUpsideDown UIInterfaceOrientationLandscapeLeft UIInterfaceOrientationLandscapeRight";
				INFOPLIST_KEY_UISupportedInterfaceOrientations_iPhone = "UIInterfaceOrientationPortrait UIInterfaceOrientationLandscapeLeft UIInterfaceOrientationLandscapeRight";
				LD_RUNPATH_SEARCH_PATHS = (
					"$(inherited)",
					"@executable_path/Frameworks",
				);
				MARKETING_VERSION = 1.0;
				PRODUCT_BUNDLE_IDENTIFIER = com.nomad.Moonshot.Moonshot;
				PRODUCT_NAME = "$(TARGET_NAME)";
				SWIFT_EMIT_LOC_STRINGS = YES;
				SWIFT_VERSION = 5.0;
				TARGETED_DEVICE_FAMILY = "1,2";
			};
			name = Release;
		};
/* End XCBuildConfiguration section */

/* Begin XCConfigurationList section */
		CC84F0B62B49135F000AE249 /* Build configuration list for PBXProject "Moonshot" */ = {
			isa = XCConfigurationList;
			buildConfigurations = (
				CC84F0C72B491360000AE249 /* Debug */,
				CC84F0C82B491360000AE249 /* Release */,
			);
			defaultConfigurationIsVisible = 0;
			defaultConfigurationName = Release;
		};
		CC84F0C92B491360000AE249 /* Build configuration list for PBXNativeTarget "Moonshot" */ = {
			isa = XCConfigurationList;
			buildConfigurations = (
				CC84F0CA2B491360000AE249 /* Debug */,
				CC84F0CB2B491360000AE249 /* Release */,
			);
			defaultConfigurationIsVisible = 0;
			defaultConfigurationName = Release;
		};
/* End XCConfigurationList section */
	};
	rootObject = CC84F0B32B49135F000AE249 /* Project object */;
}
